
Microsoft Visual Studio Solution File, Format Version 12.00
# Visual Studio Version 16
VisualStudioVersion = 16.0.30907.101
MinimumVisualStudioVersion = 10.0.40219.1
Project("{FAE04EC0-301F-11D3-BF4B-00C04F79EFBC}") = "N01432018_Assignment1", "N01432018_Assignment1\N01432018_Assignment1.csproj", "{9C6CDC74-6FE3-4966-B6FA-ED399E375831}"
EndProject
Global
	GlobalSection(SolutionConfigurationPlatforms) = preSolution
		Debug|Any CPU = Debug|Any CPU
		Release|Any CPU = Release|Any CPU
	EndGlobalSection
	GlobalSection(ProjectConfigurationPlatforms) = postSolution
		{9C6CDC74-6FE3-4966-B6FA-ED399E375831}.Debug|Any CPU.ActiveCfg = Debug|Any CPU
		{9C6CDC74-6FE3-4966-B6FA-ED399E375831}.Debug|Any CPU.Build.0 = Debug|Any CPU
		{9C6CDC74-6FE3-4966-B6FA-ED399E375831}.Release|Any CPU.ActiveCfg = Release|Any CPU
		{9C6CDC74-6FE3-4966-B6FA-ED399E375831}.Release|Any CPU.Build.0 = Release|Any CPU
	EndGlobalSection
	GlobalSection(SolutionProperties) = preSolution
		HideSolutionNode = FALSE
	EndGlobalSection
	GlobalSection(ExtensibilityGlobals) = postSolution
		SolutionGuid = {20145BD6-4AAC-4799-83F6-F7D94047C693}
	EndGlobalSection
EndGlobal
